
Microsoft Visual Studio Solution File, Format Version 12.00
# Visual Studio Version 17
VisualStudioVersion = 17.5.002.0
MinimumVisualStudioVersion = 10.0.40219.1
Project("{2150E333-8FDC-42A3-9474-1A3956D46DE8}") = "Course", "Course", "{6FEFA396-47D6-456B-A5A4-D25B7EB30676}"
EndProject
Project("{2150E333-8FDC-42A3-9474-1A3956D46DE8}") = "2_Data types, variables", "2_Data types, variables", "{7ACAC740-3E92-4FA6-BA5B-F822E5FC2244}"
EndProject
Project("{9A19103F-16F7-4668-BE54-9A1E7A4F7556}") = "2_0_csharp", "Course\2_Data types, variables\2_0_csharp\2_0_csharp.csproj", "{51055B6F-FB75-4085-94BC-C629C55D3D9F}"
EndProject
Global
	GlobalSection(SolutionConfigurationPlatforms) = preSolution
		Debug|Any CPU = Debug|Any CPU
		Release|Any CPU = Release|Any CPU
	EndGlobalSection
	GlobalSection(ProjectConfigurationPlatforms) = postSolution
		{51055B6F-FB75-4085-94BC-C629C55D3D9F}.Debug|Any CPU.ActiveCfg = Debug|Any CPU
		{51055B6F-FB75-4085-94BC-C629C55D3D9F}.Debug|Any CPU.Build.0 = Debug|Any CPU
		{51055B6F-FB75-4085-94BC-C629C55D3D9F}.Release|Any CPU.ActiveCfg = Release|Any CPU
		{51055B6F-FB75-4085-94BC-C629C55D3D9F}.Release|Any CPU.Build.0 = Release|Any CPU
	EndGlobalSection
	GlobalSection(SolutionProperties) = preSolution
		HideSolutionNode = FALSE
	EndGlobalSection
	GlobalSection(NestedProjects) = preSolution
		{7ACAC740-3E92-4FA6-BA5B-F822E5FC2244} = {6FEFA396-47D6-456B-A5A4-D25B7EB30676}
		{51055B6F-FB75-4085-94BC-C629C55D3D9F} = {7ACAC740-3E92-4FA6-BA5B-F822E5FC2244}
	EndGlobalSection
	GlobalSection(ExtensibilityGlobals) = postSolution
		SolutionGuid = {6C8C08F0-7566-41FF-B8FC-1F5C49D95BBF}
	EndGlobalSection
EndGlobal
